
Microsoft Visual Studio Solution File, Format Version 12.00
# Visual Studio Version 17
VisualStudioVersion = 17.8.34525.116
MinimumVisualStudioVersion = 10.0.40219.1
Project("{9A19103F-16F7-4668-BE54-9A1E7A4F7556}") = "JWTProtectedAPI", "JWTProtectedAPI.csproj", "{D39D4CAB-BD1D-4856-BC83-4DD5E3C045F9}"
EndProject
Project("{FAE04EC0-301F-11D3-BF4B-00C04F79EFBC}") = "WorkerServiceDemo", "..\WorkerServiceDemo\WorkerServiceDemo.csproj", "{F98F0502-9FDB-4006-A4C0-73A3B7122567}"
EndProject
Global
	GlobalSection(SolutionConfigurationPlatforms) = preSolution
		Debug|Any CPU = Debug|Any CPU
		Release|Any CPU = Release|Any CPU
	EndGlobalSection
	GlobalSection(ProjectConfigurationPlatforms) = postSolution
		{D39D4CAB-BD1D-4856-BC83-4DD5E3C045F9}.Debug|Any CPU.ActiveCfg = Debug|Any CPU
		{D39D4CAB-BD1D-4856-BC83-4DD5E3C045F9}.Debug|Any CPU.Build.0 = Debug|Any CPU
		{D39D4CAB-BD1D-4856-BC83-4DD5E3C045F9}.Release|Any CPU.ActiveCfg = Release|Any CPU
		{D39D4CAB-BD1D-4856-BC83-4DD5E3C045F9}.Release|Any CPU.Build.0 = Release|Any CPU
		{F98F0502-9FDB-4006-A4C0-73A3B7122567}.Debug|Any CPU.ActiveCfg = Debug|Any CPU
		{F98F0502-9FDB-4006-A4C0-73A3B7122567}.Debug|Any CPU.Build.0 = Debug|Any CPU
		{F98F0502-9FDB-4006-A4C0-73A3B7122567}.Release|Any CPU.ActiveCfg = Release|Any CPU
		{F98F0502-9FDB-4006-A4C0-73A3B7122567}.Release|Any CPU.Build.0 = Release|Any CPU
	EndGlobalSection
	GlobalSection(SolutionProperties) = preSolution
		HideSolutionNode = FALSE
	EndGlobalSection
	GlobalSection(ExtensibilityGlobals) = postSolution
		SolutionGuid = {8B7F66EB-0A11-43C8-9C72-63AFC9EAC54A}
	EndGlobalSection
EndGlobal
